// !$*UTF8*$!
{
	archiveVersion = 1;
	classes = {
	};
	objectVersion = 50;
	objects = {

/* Begin PBXBuildFile section */
		3D90E7E8229DA266007AC383 /* AppDelegate.swift in Sources */ = {isa = PBXBuildFile; fileRef = 3D90E7E7229DA266007AC383 /* AppDelegate.swift */; };
		3D90E7ED229DA266007AC383 /* Main.storyboard in Resources */ = {isa = PBXBuildFile; fileRef = 3D90E7EB229DA266007AC383 /* Main.storyboard */; };
		3D90E7EF229DA269007AC383 /* Assets.xcassets in Resources */ = {isa = PBXBuildFile; fileRef = 3D90E7EE229DA269007AC383 /* Assets.xcassets */; };
		3D90E7F2229DA269007AC383 /* LaunchScreen.storyboard in Resources */ = {isa = PBXBuildFile; fileRef = 3D90E7F0229DA269007AC383 /* LaunchScreen.storyboard */; };
		3D90E7FA229DAB2D007AC383 /* PlantsTableViewController.swift in Sources */ = {isa = PBXBuildFile; fileRef = 3D90E7F9229DAB2D007AC383 /* PlantsTableViewController.swift */; };
		3D90E7FC229DAB48007AC383 /* LoginViewController.swift in Sources */ = {isa = PBXBuildFile; fileRef = 3D90E7FB229DAB48007AC383 /* LoginViewController.swift */; };
		3D90E7FE229DAB61007AC383 /* PlantDetailViewController.swift in Sources */ = {isa = PBXBuildFile; fileRef = 3D90E7FD229DAB61007AC383 /* PlantDetailViewController.swift */; };
		3D90E800229DAB76007AC383 /* UserProfileViewController.swift in Sources */ = {isa = PBXBuildFile; fileRef = 3D90E7FF229DAB76007AC383 /* UserProfileViewController.swift */; };
		3D90E802229DAB89007AC383 /* EditProfileViewController.swift in Sources */ = {isa = PBXBuildFile; fileRef = 3D90E801229DAB89007AC383 /* EditProfileViewController.swift */; };
		3D90E807229DCFA6007AC383 /* Bearer.swift in Sources */ = {isa = PBXBuildFile; fileRef = 3D90E806229DCFA6007AC383 /* Bearer.swift */; };
		3D90E809229DCFFE007AC383 /* APIController.swift in Sources */ = {isa = PBXBuildFile; fileRef = 3D90E808229DCFFE007AC383 /* APIController.swift */; };
		FFCBE775229DAE5100DBBDC2 /* Plant.swift in Sources */ = {isa = PBXBuildFile; fileRef = FFCBE774229DAE5100DBBDC2 /* Plant.swift */; };
		FFCBE777229DAE5C00DBBDC2 /* PlantController.swift in Sources */ = {isa = PBXBuildFile; fileRef = FFCBE776229DAE5C00DBBDC2 /* PlantController.swift */; };
		FFCBE779229DB50400DBBDC2 /* User.swift in Sources */ = {isa = PBXBuildFile; fileRef = FFCBE778229DB50400DBBDC2 /* User.swift */; };
/* End PBXBuildFile section */

/* Begin PBXFileReference section */
		3D90E7E4229DA266007AC383 /* Water My Plants.app */ = {isa = PBXFileReference; explicitFileType = wrapper.application; includeInIndex = 0; path = "Water My Plants.app"; sourceTree = BUILT_PRODUCTS_DIR; };
		3D90E7E7229DA266007AC383 /* AppDelegate.swift */ = {isa = PBXFileReference; lastKnownFileType = sourcecode.swift; path = AppDelegate.swift; sourceTree = "<group>"; };
		3D90E7EC229DA266007AC383 /* Base */ = {isa = PBXFileReference; lastKnownFileType = file.storyboard; name = Base; path = Base.lproj/Main.storyboard; sourceTree = "<group>"; };
		3D90E7EE229DA269007AC383 /* Assets.xcassets */ = {isa = PBXFileReference; lastKnownFileType = folder.assetcatalog; path = Assets.xcassets; sourceTree = "<group>"; };
		3D90E7F1229DA269007AC383 /* Base */ = {isa = PBXFileReference; lastKnownFileType = file.storyboard; name = Base; path = Base.lproj/LaunchScreen.storyboard; sourceTree = "<group>"; };
		3D90E7F3229DA269007AC383 /* Info.plist */ = {isa = PBXFileReference; lastKnownFileType = text.plist.xml; path = Info.plist; sourceTree = "<group>"; };
		3D90E7F9229DAB2D007AC383 /* PlantsTableViewController.swift */ = {isa = PBXFileReference; lastKnownFileType = sourcecode.swift; path = PlantsTableViewController.swift; sourceTree = "<group>"; };
		3D90E7FB229DAB48007AC383 /* LoginViewController.swift */ = {isa = PBXFileReference; lastKnownFileType = sourcecode.swift; path = LoginViewController.swift; sourceTree = "<group>"; };
		3D90E7FD229DAB61007AC383 /* PlantDetailViewController.swift */ = {isa = PBXFileReference; lastKnownFileType = sourcecode.swift; path = PlantDetailViewController.swift; sourceTree = "<group>"; };
		3D90E7FF229DAB76007AC383 /* UserProfileViewController.swift */ = {isa = PBXFileReference; lastKnownFileType = sourcecode.swift; path = UserProfileViewController.swift; sourceTree = "<group>"; };
		3D90E801229DAB89007AC383 /* EditProfileViewController.swift */ = {isa = PBXFileReference; lastKnownFileType = sourcecode.swift; path = EditProfileViewController.swift; sourceTree = "<group>"; };
		3D90E806229DCFA6007AC383 /* Bearer.swift */ = {isa = PBXFileReference; lastKnownFileType = sourcecode.swift; path = Bearer.swift; sourceTree = "<group>"; };
		3D90E808229DCFFE007AC383 /* APIController.swift */ = {isa = PBXFileReference; lastKnownFileType = sourcecode.swift; path = APIController.swift; sourceTree = "<group>"; };
		FFCBE774229DAE5100DBBDC2 /* Plant.swift */ = {isa = PBXFileReference; lastKnownFileType = sourcecode.swift; path = Plant.swift; sourceTree = "<group>"; };
		FFCBE776229DAE5C00DBBDC2 /* PlantController.swift */ = {isa = PBXFileReference; lastKnownFileType = sourcecode.swift; path = PlantController.swift; sourceTree = "<group>"; };
		FFCBE778229DB50400DBBDC2 /* User.swift */ = {isa = PBXFileReference; lastKnownFileType = sourcecode.swift; path = User.swift; sourceTree = "<group>"; };
/* End PBXFileReference section */

/* Begin PBXFrameworksBuildPhase section */
		3D90E7E1229DA266007AC383 /* Frameworks */ = {
			isa = PBXFrameworksBuildPhase;
			buildActionMask = 2147483647;
			files = (
			);
			runOnlyForDeploymentPostprocessing = 0;
		};
/* End PBXFrameworksBuildPhase section */

/* Begin PBXGroup section */
		3D90E7DB229DA265007AC383 = {
			isa = PBXGroup;
			children = (
				3D90E7E6229DA266007AC383 /* Water My Plants */,
				3D90E7E5229DA266007AC383 /* Products */,
			);
			sourceTree = "<group>";
		};
		3D90E7E5229DA266007AC383 /* Products */ = {
			isa = PBXGroup;
			children = (
				3D90E7E4229DA266007AC383 /* Water My Plants.app */,
			);
			name = Products;
			sourceTree = "<group>";
		};
		3D90E7E6229DA266007AC383 /* Water My Plants */ = {
			isa = PBXGroup;
			children = (
				FFCBE773229DAE2D00DBBDC2 /* Model */,
				FFCBE772229DAE1E00DBBDC2 /* Model Controller */,
				3D90E803229DABC7007AC383 /* View Controllers */,
				3D90E804229DABFD007AC383 /* Storyboards */,
				3D90E805229DAC17007AC383 /* Resources */,
			);
			path = "Water My Plants";
			sourceTree = "<group>";
		};
		3D90E803229DABC7007AC383 /* View Controllers */ = {
			isa = PBXGroup;
			children = (
				3D90E801229DAB89007AC383 /* EditProfileViewController.swift */,
				3D90E7FF229DAB76007AC383 /* UserProfileViewController.swift */,
				3D90E7FD229DAB61007AC383 /* PlantDetailViewController.swift */,
				3D90E7FB229DAB48007AC383 /* LoginViewController.swift */,
				3D90E7F9229DAB2D007AC383 /* PlantsTableViewController.swift */,
			);
			path = "View Controllers";
			sourceTree = "<group>";
		};
		3D90E804229DABFD007AC383 /* Storyboards */ = {
			isa = PBXGroup;
			children = (
				3D90E7EB229DA266007AC383 /* Main.storyboard */,
				3D90E7F0229DA269007AC383 /* LaunchScreen.storyboard */,
			);
			path = Storyboards;
			sourceTree = "<group>";
		};
		3D90E805229DAC17007AC383 /* Resources */ = {
			isa = PBXGroup;
			children = (
				3D90E7EE229DA269007AC383 /* Assets.xcassets */,
				3D90E7F3229DA269007AC383 /* Info.plist */,
				3D90E7E7229DA266007AC383 /* AppDelegate.swift */,
			);
			path = Resources;
			sourceTree = "<group>";
		};
		FFCBE772229DAE1E00DBBDC2 /* Model Controller */ = {
			isa = PBXGroup;
			children = (
				FFCBE776229DAE5C00DBBDC2 /* PlantController.swift */,
				3D90E808229DCFFE007AC383 /* APIController.swift */,
			);
			path = "Model Controller";
			sourceTree = "<group>";
		};
		FFCBE773229DAE2D00DBBDC2 /* Model */ = {
			isa = PBXGroup;
			children = (
				FFCBE774229DAE5100DBBDC2 /* Plant.swift */,
				FFCBE778229DB50400DBBDC2 /* User.swift */,
				3D90E806229DCFA6007AC383 /* Bearer.swift */,
			);
			path = Model;
			sourceTree = "<group>";
		};
/* End PBXGroup section */

/* Begin PBXNativeTarget section */
		3D90E7E3229DA266007AC383 /* Water My Plants */ = {
			isa = PBXNativeTarget;
			buildConfigurationList = 3D90E7F6229DA269007AC383 /* Build configuration list for PBXNativeTarget "Water My Plants" */;
			buildPhases = (
				3D90E7E0229DA266007AC383 /* Sources */,
				3D90E7E1229DA266007AC383 /* Frameworks */,
				3D90E7E2229DA266007AC383 /* Resources */,
			);
			buildRules = (
			);
			dependencies = (
			);
			name = "Water My Plants";
			productName = "Water My Plants";
			productReference = 3D90E7E4229DA266007AC383 /* Water My Plants.app */;
			productType = "com.apple.product-type.application";
		};
/* End PBXNativeTarget section */

/* Begin PBXProject section */
		3D90E7DC229DA265007AC383 /* Project object */ = {
			isa = PBXProject;
			attributes = {
				LastSwiftUpdateCheck = 1020;
				LastUpgradeCheck = 1020;
				ORGANIZATIONNAME = "Mitchell Budge";
				TargetAttributes = {
					3D90E7E3229DA266007AC383 = {
						CreatedOnToolsVersion = 10.2.1;
					};
				};
			};
			buildConfigurationList = 3D90E7DF229DA265007AC383 /* Build configuration list for PBXProject "Water My Plants" */;
			compatibilityVersion = "Xcode 9.3";
			developmentRegion = en;
			hasScannedForEncodings = 0;
			knownRegions = (
				en,
				Base,
			);
			mainGroup = 3D90E7DB229DA265007AC383;
			productRefGroup = 3D90E7E5229DA266007AC383 /* Products */;
			projectDirPath = "";
			projectRoot = "";
			targets = (
				3D90E7E3229DA266007AC383 /* Water My Plants */,
			);
		};
/* End PBXProject section */

/* Begin PBXResourcesBuildPhase section */
		3D90E7E2229DA266007AC383 /* Resources */ = {
			isa = PBXResourcesBuildPhase;
			buildActionMask = 2147483647;
			files = (
				3D90E7F2229DA269007AC383 /* LaunchScreen.storyboard in Resources */,
				3D90E7EF229DA269007AC383 /* Assets.xcassets in Resources */,
				3D90E7ED229DA266007AC383 /* Main.storyboard in Resources */,
			);
			runOnlyForDeploymentPostprocessing = 0;
		};
/* End PBXResourcesBuildPhase section */

/* Begin PBXSourcesBuildPhase section */
		3D90E7E0229DA266007AC383 /* Sources */ = {
			isa = PBXSourcesBuildPhase;
			buildActionMask = 2147483647;
			files = (
				3D90E809229DCFFE007AC383 /* APIController.swift in Sources */,
				3D90E807229DCFA6007AC383 /* Bearer.swift in Sources */,
				3D90E7FC229DAB48007AC383 /* LoginViewController.swift in Sources */,
				3D90E800229DAB76007AC383 /* UserProfileViewController.swift in Sources */,
				3D90E7FA229DAB2D007AC383 /* PlantsTableViewController.swift in Sources */,
				FFCBE777229DAE5C00DBBDC2 /* PlantController.swift in Sources */,
				3D90E7FE229DAB61007AC383 /* PlantDetailViewController.swift in Sources */,
				FFCBE779229DB50400DBBDC2 /* User.swift in Sources */,
				FFCBE775229DAE5100DBBDC2 /* Plant.swift in Sources */,
				3D90E7E8229DA266007AC383 /* AppDelegate.swift in Sources */,
				3D90E802229DAB89007AC383 /* EditProfileViewController.swift in Sources */,
			);
			runOnlyForDeploymentPostprocessing = 0;
		};
/* End PBXSourcesBuildPhase section */

/* Begin PBXVariantGroup section */
		3D90E7EB229DA266007AC383 /* Main.storyboard */ = {
			isa = PBXVariantGroup;
			children = (
				3D90E7EC229DA266007AC383 /* Base */,
			);
			name = Main.storyboard;
			sourceTree = "<group>";
		};
		3D90E7F0229DA269007AC383 /* LaunchScreen.storyboard */ = {
			isa = PBXVariantGroup;
			children = (
				3D90E7F1229DA269007AC383 /* Base */,
			);
			name = LaunchScreen.storyboard;
			sourceTree = "<group>";
		};
/* End PBXVariantGroup section */

/* Begin XCBuildConfiguration section */
		3D90E7F4229DA269007AC383 /* Debug */ = {
			isa = XCBuildConfiguration;
			buildSettings = {
				ALWAYS_SEARCH_USER_PATHS = NO;
				CLANG_ANALYZER_NONNULL = YES;
				CLANG_ANALYZER_NUMBER_OBJECT_CONVERSION = YES_AGGRESSIVE;
				CLANG_CXX_LANGUAGE_STANDARD = "gnu++14";
				CLANG_CXX_LIBRARY = "libc++";
				CLANG_ENABLE_MODULES = YES;
				CLANG_ENABLE_OBJC_ARC = YES;
				CLANG_ENABLE_OBJC_WEAK = YES;
				CLANG_WARN_BLOCK_CAPTURE_AUTORELEASING = YES;
				CLANG_WARN_BOOL_CONVERSION = YES;
				CLANG_WARN_COMMA = YES;
				CLANG_WARN_CONSTANT_CONVERSION = YES;
				CLANG_WARN_DEPRECATED_OBJC_IMPLEMENTATIONS = YES;
				CLANG_WARN_DIRECT_OBJC_ISA_USAGE = YES_ERROR;
				CLANG_WARN_DOCUMENTATION_COMMENTS = YES;
				CLANG_WARN_EMPTY_BODY = YES;
				CLANG_WARN_ENUM_CONVERSION = YES;
				CLANG_WARN_INFINITE_RECURSION = YES;
				CLANG_WARN_INT_CONVERSION = YES;
				CLANG_WARN_NON_LITERAL_NULL_CONVERSION = YES;
				CLANG_WARN_OBJC_IMPLICIT_RETAIN_SELF = YES;
				CLANG_WARN_OBJC_LITERAL_CONVERSION = YES;
				CLANG_WARN_OBJC_ROOT_CLASS = YES_ERROR;
				CLANG_WARN_RANGE_LOOP_ANALYSIS = YES;
				CLANG_WARN_STRICT_PROTOTYPES = YES;
				CLANG_WARN_SUSPICIOUS_MOVE = YES;
				CLANG_WARN_UNGUARDED_AVAILABILITY = YES_AGGRESSIVE;
				CLANG_WARN_UNREACHABLE_CODE = YES;
				CLANG_WARN__DUPLICATE_METHOD_MATCH = YES;
				CODE_SIGN_IDENTITY = "iPhone Developer";
				COPY_PHASE_STRIP = NO;
				DEBUG_INFORMATION_FORMAT = dwarf;
				ENABLE_STRICT_OBJC_MSGSEND = YES;
				ENABLE_TESTABILITY = YES;
				GCC_C_LANGUAGE_STANDARD = gnu11;
				GCC_DYNAMIC_NO_PIC = NO;
				GCC_NO_COMMON_BLOCKS = YES;
				GCC_OPTIMIZATION_LEVEL = 0;
				GCC_PREPROCESSOR_DEFINITIONS = (
					"DEBUG=1",
					"$(inherited)",
				);
				GCC_WARN_64_TO_32_BIT_CONVERSION = YES;
				GCC_WARN_ABOUT_RETURN_TYPE = YES_ERROR;
				GCC_WARN_UNDECLARED_SELECTOR = YES;
				GCC_WARN_UNINITIALIZED_AUTOS = YES_AGGRESSIVE;
				GCC_WARN_UNUSED_FUNCTION = YES;
				GCC_WARN_UNUSED_VARIABLE = YES;
				IPHONEOS_DEPLOYMENT_TARGET = 12.2;
				MTL_ENABLE_DEBUG_INFO = INCLUDE_SOURCE;
				MTL_FAST_MATH = YES;
				ONLY_ACTIVE_ARCH = YES;
				SDKROOT = iphoneos;
				SWIFT_ACTIVE_COMPILATION_CONDITIONS = DEBUG;
				SWIFT_OPTIMIZATION_LEVEL = "-Onone";
			};
			name = Debug;
		};
		3D90E7F5229DA269007AC383 /* Release */ = {
			isa = XCBuildConfiguration;
			buildSettings = {
				ALWAYS_SEARCH_USER_PATHS = NO;
				CLANG_ANALYZER_NONNULL = YES;
				CLANG_ANALYZER_NUMBER_OBJECT_CONVERSION = YES_AGGRESSIVE;
				CLANG_CXX_LANGUAGE_STANDARD = "gnu++14";
				CLANG_CXX_LIBRARY = "libc++";
				CLANG_ENABLE_MODULES = YES;
				CLANG_ENABLE_OBJC_ARC = YES;
				CLANG_ENABLE_OBJC_WEAK = YES;
				CLANG_WARN_BLOCK_CAPTURE_AUTORELEASING = YES;
				CLANG_WARN_BOOL_CONVERSION = YES;
				CLANG_WARN_COMMA = YES;
				CLANG_WARN_CONSTANT_CONVERSION = YES;
				CLANG_WARN_DEPRECATED_OBJC_IMPLEMENTATIONS = YES;
				CLANG_WARN_DIRECT_OBJC_ISA_USAGE = YES_ERROR;
				CLANG_WARN_DOCUMENTATION_COMMENTS = YES;
				CLANG_WARN_EMPTY_BODY = YES;
				CLANG_WARN_ENUM_CONVERSION = YES;
				CLANG_WARN_INFINITE_RECURSION = YES;
				CLANG_WARN_INT_CONVERSION = YES;
				CLANG_WARN_NON_LITERAL_NULL_CONVERSION = YES;
				CLANG_WARN_OBJC_IMPLICIT_RETAIN_SELF = YES;
				CLANG_WARN_OBJC_LITERAL_CONVERSION = YES;
				CLANG_WARN_OBJC_ROOT_CLASS = YES_ERROR;
				CLANG_WARN_RANGE_LOOP_ANALYSIS = YES;
				CLANG_WARN_STRICT_PROTOTYPES = YES;
				CLANG_WARN_SUSPICIOUS_MOVE = YES;
				CLANG_WARN_UNGUARDED_AVAILABILITY = YES_AGGRESSIVE;
				CLANG_WARN_UNREACHABLE_CODE = YES;
				CLANG_WARN__DUPLICATE_METHOD_MATCH = YES;
				CODE_SIGN_IDENTITY = "iPhone Developer";
				COPY_PHASE_STRIP = NO;
				DEBUG_INFORMATION_FORMAT = "dwarf-with-dsym";
				ENABLE_NS_ASSERTIONS = NO;
				ENABLE_STRICT_OBJC_MSGSEND = YES;
				GCC_C_LANGUAGE_STANDARD = gnu11;
				GCC_NO_COMMON_BLOCKS = YES;
				GCC_WARN_64_TO_32_BIT_CONVERSION = YES;
				GCC_WARN_ABOUT_RETURN_TYPE = YES_ERROR;
				GCC_WARN_UNDECLARED_SELECTOR = YES;
				GCC_WARN_UNINITIALIZED_AUTOS = YES_AGGRESSIVE;
				GCC_WARN_UNUSED_FUNCTION = YES;
				GCC_WARN_UNUSED_VARIABLE = YES;
				IPHONEOS_DEPLOYMENT_TARGET = 12.2;
				MTL_ENABLE_DEBUG_INFO = NO;
				MTL_FAST_MATH = YES;
				SDKROOT = iphoneos;
				SWIFT_COMPILATION_MODE = wholemodule;
				SWIFT_OPTIMIZATION_LEVEL = "-O";
				VALIDATE_PRODUCT = YES;
			};
			name = Release;
		};
		3D90E7F7229DA269007AC383 /* Debug */ = {
			isa = XCBuildConfiguration;
			buildSettings = {
				ASSETCATALOG_COMPILER_APPICON_NAME = AppIcon;
				CODE_SIGN_STYLE = Automatic;
				DEVELOPMENT_TEAM = K3F959XXFV;
				INFOPLIST_FILE = "$(SRCROOT)/Water My Plants/Resources/Info.plist";
				LD_RUNPATH_SEARCH_PATHS = (
					"$(inherited)",
					"@executable_path/Frameworks",
				);
				PRODUCT_BUNDLE_IDENTIFIER = "com.mitchellbudge.Water-My-Plants";
				PRODUCT_NAME = "$(TARGET_NAME)";
				SWIFT_VERSION = 5.0;
				TARGETED_DEVICE_FAMILY = "1,2";
			};
			name = Debug;
		};
		3D90E7F8229DA269007AC383 /* Release */ = {
			isa = XCBuildConfiguration;
			buildSettings = {
				ASSETCATALOG_COMPILER_APPICON_NAME = AppIcon;
				CODE_SIGN_STYLE = Automatic;
				DEVELOPMENT_TEAM = K3F959XXFV;
				INFOPLIST_FILE = "$(SRCROOT)/Water My Plants/Resources/Info.plist";
				LD_RUNPATH_SEARCH_PATHS = (
					"$(inherited)",
					"@executable_path/Frameworks",
				);
				PRODUCT_BUNDLE_IDENTIFIER = "com.mitchellbudge.Water-My-Plants";
				PRODUCT_NAME = "$(TARGET_NAME)";
				SWIFT_VERSION = 5.0;
				TARGETED_DEVICE_FAMILY = "1,2";
			};
			name = Release;
		};
/* End XCBuildConfiguration section */

/* Begin XCConfigurationList section */
		3D90E7DF229DA265007AC383 /* Build configuration list for PBXProject "Water My Plants" */ = {
			isa = XCConfigurationList;
			buildConfigurations = (
				3D90E7F4229DA269007AC383 /* Debug */,
				3D90E7F5229DA269007AC383 /* Release */,
			);
			defaultConfigurationIsVisible = 0;
			defaultConfigurationName = Release;
		};
		3D90E7F6229DA269007AC383 /* Build configuration list for PBXNativeTarget "Water My Plants" */ = {
			isa = XCConfigurationList;
			buildConfigurations = (
				3D90E7F7229DA269007AC383 /* Debug */,
				3D90E7F8229DA269007AC383 /* Release */,
			);
			defaultConfigurationIsVisible = 0;
			defaultConfigurationName = Release;
		};
/* End XCConfigurationList section */
	};
	rootObject = 3D90E7DC229DA265007AC383 /* Project object */;
}
